# THIS IS AN AUTOGENERATED FILE. DO NOT EDIT THIS FILE DIRECTLY.
# yarn lockfile v1


"@babel/runtime@^7.3.1", "@babel/runtime@^7.4.4":
  version "7.6.2"
  resolved "https://registry.yarnpkg.com/@babel/runtime/-/runtime-7.6.2.tgz#c3d6e41b304ef10dcf13777a33e7694ec4a9a6dd"
  integrity sha512-EXxN64agfUqqIGeEjI5dL5z0Sw0ZwWo1mLTi4mQowCZ42O59b7DRpZAnTC6OqdF28wMBMFKNb/4uFGrVaigSpg==
  dependencies:
    regenerator-runtime "^0.13.2"

fft.js@^4.0.3:
  version "4.0.3"
  resolved "https://registry.yarnpkg.com/fft.js/-/fft.js-4.0.3.tgz#b0084efa94188febdd1cffe68691f4c85a0fb8cb"
  integrity sha1-sAhO+pQYj+vdHP/mhpH0yFoPuMs=

"js-tokens@^3.0.0 || ^4.0.0":
  version "4.0.0"
  resolved "https://registry.yarnpkg.com/js-tokens/-/js-tokens-4.0.0.tgz#19203fb59991df98e3a287050d4647cdeaf32499"
  integrity sha512-RdJUflcE3cUzKiMqQgsCu06FPu9UdIJO0beYbPhHN4k6apgJtifcoCtT9bcxOpYBtpD2kCM6Sbzg4CausW/PKQ==

kalmanjs@^1.1.0:
  version "1.1.0"
  resolved "https://registry.yarnpkg.com/kalmanjs/-/kalmanjs-1.1.0.tgz#9554566a0a7ca72722d35a23ab05915c0ddba99e"
  integrity sha512-Gkm2DAKIX8geuDcEJ92e80EmQ6TyIzWBJk6AFk+aDLofQ4G/KoDe1RCY9WMuXFe0NQxsTi7HYh9BVQneOtlvkg==

lodash-es@^4.17.11:
  version "4.17.15"
  resolved "https://registry.yarnpkg.com/lodash-es/-/lodash-es-4.17.15.tgz#21bd96839354412f23d7a10340e5eac6ee455d78"
  integrity sha512-rlrc3yU3+JNOpZ9zj5pQtxnx2THmvRykwL4Xlxoa8I9lHBlVbbyPhgyPMioxVZ4NqyxaVVtaJnzsyOidQIhyyQ==

loose-envify@^1.1.0, loose-envify@^1.4.0:
  version "1.4.0"
  resolved "https://registry.yarnpkg.com/loose-envify/-/loose-envify-1.4.0.tgz#71ee51fa7be4caec1a63839f7e682d8132d30caf"
  integrity sha512-lyuxPGr/Wfhrlem2CL/UcnUc1zcqKAImBDzukY7Y5F/yQiNdko6+fRLevlw1HgMySw7f611UIY408EtxRSoK3Q==
  dependencies:
    js-tokens "^3.0.0 || ^4.0.0"

object-assign@^4.1.1:
  version "4.1.1"
  resolved "https://registry.yarnpkg.com/object-assign/-/object-assign-4.1.1.tgz#2109adc7965887cfc05cbbd442cac8bfbb360863"
  integrity sha1-IQmtx5ZYh8/AXLvUQsrIv7s2CGM=

pointer-events-polyfill@^0.4.4-pre:
  version "0.4.4-pre"
  resolved "https://registry.yarnpkg.com/pointer-events-polyfill/-/pointer-events-polyfill-0.4.4-pre.tgz#d745eb0cef8aa3f661cdba1364b9728b46d0872f"
  integrity sha512-t7iitVY5jW9mGOFZEHphJOzB8eMhoYaE6I5HqsUX14rjsPa9F6OlMOCj3EpqDzNb/8XtMk2BxMpOyePPyuefHw==

prop-types@^15.5.8, prop-types@^15.6.2:
  version "15.7.2"
  resolved "https://registry.yarnpkg.com/prop-types/-/prop-types-15.7.2.tgz#52c41e75b8c87e72b9d9360e0206b99dcbffa6c5"
  integrity sha512-8QQikdH7//R2vurIJSutZ1smHYTcLpRWEOlHnzcWHmBYrOGUysKwSsrC89BCiFj3CbrfJ/nXFdJepOVrY1GCHQ==
  dependencies:
    loose-envify "^1.4.0"
    object-assign "^4.1.1"
    react-is "^16.8.1"

react-boxplot@^3.1.0:
  version "3.1.0"
  resolved "https://registry.yarnpkg.com/react-boxplot/-/react-boxplot-3.1.0.tgz#a7a95233427c4586b42784fc4906756dea74f357"
  integrity sha512-1/u3SctZ/hDH9AgnDgEKGOncnjyr+FozPAtwhDLWfufGXCRH2BeNGz0H3LOINMa62XyXE0nANRxaTmnJSI8Obg==
  dependencies:
    simple-statistics "^7.0.0"

react-is@^16.8.1:
  version "16.10.0"
  resolved "https://registry.yarnpkg.com/react-is/-/react-is-16.10.0.tgz#3d6a031e57fff73c3cfa0347feb3e8f40c5141e5"
  integrity sha512-WRki2sBb7MTpYp7FtDEmSeGKX2vamYyq3rc9o7fKUG+/DHVyJu69NnvJsiSwwhh2Tt8XN40MQHkDBEXwyfxncQ==

react-reconciler@^0.20.4:
  version "0.20.4"
  resolved "https://registry.yarnpkg.com/react-reconciler/-/react-reconciler-0.20.4.tgz#3da6a95841592f849cb4edd3d38676c86fd920b2"
  integrity sha512-kxERc4H32zV2lXMg/iMiwQHOtyqf15qojvkcZ5Ja2CPkjVohHw9k70pdDBwrnQhLVetUJBSYyqU3yqrlVTOajA==
  dependencies:
    loose-envify "^1.1.0"
    object-assign "^4.1.1"
    prop-types "^15.6.2"
    scheduler "^0.13.6"

react-spring@^8.0.27:
  version "8.0.27"
  resolved "https://registry.yarnpkg.com/react-spring/-/react-spring-8.0.27.tgz#97d4dee677f41e0b2adcb696f3839680a3aa356a"
  integrity sha512-nDpWBe3ZVezukNRandTeLSPcwwTMjNVu1IDq9qA/AMiUqHuRN4BeSWvKr3eIxxg1vtiYiOLy4FqdfCP5IoP77g==
  dependencies:
    "@babel/runtime" "^7.3.1"
    prop-types "^15.5.8"

react-zdog@^1.0.10:
  version "1.0.10"
  resolved "https://registry.yarnpkg.com/react-zdog/-/react-zdog-1.0.10.tgz#7a53abce1c29eb303d69292a0285ad00e9d17564"
  integrity sha512-jzXIclaOOROXZSJuHzFPIpefMaTI9Ear2Ei5yVQrB+lJqOO12nZS+NlbYn8gi3k581XTfO8EXAhchYR5/kBGAQ==
  dependencies:
    "@babel/runtime" "^7.4.4"
    lodash-es "^4.17.11"
    pointer-events-polyfill "^0.4.4-pre"
    react-reconciler "^0.20.4"
    resize-observer-polyfill "^1.5.1"
    scheduler "0.13.3"

regenerator-runtime@^0.13.2:
  version "0.13.3"
  resolved "https://registry.yarnpkg.com/regenerator-runtime/-/regenerator-runtime-0.13.3.tgz#7cf6a77d8f5c6f60eb73c5fc1955b2ceb01e6bf5"
  integrity sha512-naKIZz2GQ8JWh///G7L3X6LaQUAMp2lvb1rvwwsURe/VXwD6VMfr+/1NuNw3ag8v2kY1aQ/go5SNn79O9JU7yw==

resize-observer-polyfill@^1.5.1:
  version "1.5.1"
  resolved "https://registry.yarnpkg.com/resize-observer-polyfill/-/resize-observer-polyfill-1.5.1.tgz#0e9020dd3d21024458d4ebd27e23e40269810464"
  integrity sha512-LwZrotdHOo12nQuZlHEmtuXdqGoOD0OhaxopaNFxWzInpEgaLWoVuAMbTzixuosCx2nEG58ngzW3vxdWoxIgdg==

scheduler@0.13.3:
  version "0.13.3"
  resolved "https://registry.yarnpkg.com/scheduler/-/scheduler-0.13.3.tgz#bed3c5850f62ea9c716a4d781f9daeb9b2a58896"
  integrity sha512-UxN5QRYWtpR1egNWzJcVLk8jlegxAugswQc984lD3kU7NuobsO37/sRfbpTdBjtnD5TBNFA2Q2oLV5+UmPSmEQ==
  dependencies:
    loose-envify "^1.1.0"
    object-assign "^4.1.1"

scheduler@^0.13.6:
  version "0.13.6"
  resolved "https://registry.yarnpkg.com/scheduler/-/scheduler-0.13.6.tgz#466a4ec332467b31a91b9bf74e5347072e4cd889"
  integrity sha512-IWnObHt413ucAYKsD9J1QShUKkbKLQQHdxRyw73sw4FN26iWr3DY/H34xGPe4nmL1DwXyWmSWmMrA9TfQbE/XQ==
  dependencies:
    loose-envify "^1.1.0"
    object-assign "^4.1.1"

simple-statistics@^7.0.0:
  version "7.0.5"
  resolved "https://registry.yarnpkg.com/simple-statistics/-/simple-statistics-7.0.5.tgz#9b3e750e3d2d5647d808ab97f0c14b40aaffcb9b"
  integrity sha512-Fz3TaU6ERtpemiNh5IVmJ93+W/kJUEAZ2MrKe2tQ8iU8aFrrwPhW+62MZE0OJlG3GKH6KgcADBz/McIx0s0NhA==

zdog@^1.1.0:
  version "1.1.0"
  resolved "https://registry.yarnpkg.com/zdog/-/zdog-1.1.0.tgz#88b60a73e5c8a11fcf0c29d28c0339553ffe9566"
  integrity sha512-PlgvESx/LKMnHbfRdGvpXn/QpoDK6jmO4HyxtydIXcMYt6qr1DMwNsiqJIiU1ibryKEnlFl/JyNrNe9Tk0+Y9w==
